
Microsoft Visual Studio Solution File, Format Version 12.00
Project("{FAE04EC0-301F-11D3-BF4B-00C04F79EFBC}") = "dotnetcore31.webapi", "dotnetcore31.webapi\dotnetcore31.webapi.csproj", "{FD572DED-5A1C-4042-A654-C84B1CFD5B57}"
EndProject
Project("{FAE04EC0-301F-11D3-BF4B-00C04F79EFBC}") = "net6.webapi", "net6.webapi\net6.webapi.csproj", "{CF73931F-8E8B-460B-B504-DFB27DFFE179}"
EndProject
Global
	GlobalSection(SolutionConfigurationPlatforms) = preSolution
		Debug|Any CPU = Debug|Any CPU
		Release|Any CPU = Release|Any CPU
	EndGlobalSection
	GlobalSection(ProjectConfigurationPlatforms) = postSolution
		{FD572DED-5A1C-4042-A654-C84B1CFD5B57}.Debug|Any CPU.ActiveCfg = Debug|Any CPU
		{FD572DED-5A1C-4042-A654-C84B1CFD5B57}.Debug|Any CPU.Build.0 = Debug|Any CPU
		{FD572DED-5A1C-4042-A654-C84B1CFD5B57}.Release|Any CPU.ActiveCfg = Release|Any CPU
		{FD572DED-5A1C-4042-A654-C84B1CFD5B57}.Release|Any CPU.Build.0 = Release|Any CPU
		{CF73931F-8E8B-460B-B504-DFB27DFFE179}.Debug|Any CPU.ActiveCfg = Debug|Any CPU
		{CF73931F-8E8B-460B-B504-DFB27DFFE179}.Debug|Any CPU.Build.0 = Debug|Any CPU
		{CF73931F-8E8B-460B-B504-DFB27DFFE179}.Release|Any CPU.ActiveCfg = Release|Any CPU
		{CF73931F-8E8B-460B-B504-DFB27DFFE179}.Release|Any CPU.Build.0 = Release|Any CPU
	EndGlobalSection
EndGlobal
